<?xml version="1.0" encoding="utf-8"?>
<Project ToolsVersion="4.0" xmlns="http://schemas.microsoft.com/developer/msbuild/2003">
  <ItemGroup>
    <Filter Include="Source Files">
      <UniqueIdentifier>{4FC737F1-C7A5-4376-A066-2A32D752A2FF}</UniqueIdentifier>
      <Extensions>cpp;c;cxx;def;odl;idl;hpj;bat;asm;asmx</Extensions>
    </Filter>
    <Filter Include="Header Files">
      <UniqueIdentifier>{93995380-89BD-4b04-88EB-625FBE52EBFB}</UniqueIdentifier>
      <Extensions>h;hpp;hxx;hm;inl;inc;xsd</Extensions>
    </Filter>
    <Filter Include="Resource Files">
      <UniqueIdentifier>{67DA6AB6-F800-4c08-8B7A-83BB121AAD01}</UniqueIdentifier>
      <Extensions>rc;ico;cur;bmp;dlg;rc2;rct;bin;rgs;gif;jpg;jpeg;jpe;resx</Extensions>
    </Filter>
  </ItemGroup>
  <ItemGroup>
    <ClCompile Include="des\des_ecb.cpp">
      <Filter>Source Files</Filter>
    </ClCompile>
    <ClCompile Include="des\des_enc.cpp">
      <Filter>Source Files</Filter>
    </ClCompile>
    <ClCompile Include="des\des_setkey.cpp">
      <Filter>Source Files</Filter>
    </ClCompile>
    <ClCompile Include="exp5.cpp">
      <Filter>Source Files</Filter>
    </ClCompile>
    <ClCompile Include="Gost_BS_MAA.cpp">
      <Filter>Source Files</Filter>
    </ClCompile>
    <ClCompile Include="Longint2.cpp">
      <Filter>Source Files</Filter>
    </ClCompile>
    <ClCompile Include="main.cpp">
      <Filter>Source Files</Filter>
    </ClCompile>
    <ClCompile Include="ntlm_proxy_auth.cpp">
      <Filter>Source Files</Filter>
    </ClCompile>
    <ClCompile Include="RSA.cpp">
      <Filter>Source Files</Filter>
    </ClCompile>
    <ClCompile Include="stdafx.cpp">
      <Filter>Source Files</Filter>
    </ClCompile>
    <ClCompile Include="sha256\hmac.cpp">
      <Filter>Source Files</Filter>
    </ClCompile>
    <ClCompile Include="sha256\sha.cpp">
      <Filter>Source Files</Filter>
    </ClCompile>
    <ClCompile Include="sha256\sha224-256.cpp">
      <Filter>Source Files</Filter>
    </ClCompile>
    <ClCompile Include="sha256\sha384-512.cpp">
      <Filter>Source Files</Filter>
    </ClCompile>
    <ClCompile Include="sha256\sha_iface.cpp">
      <Filter>Source Files</Filter>
    </ClCompile>
    <ClCompile Include="sha256\usha.cpp">
      <Filter>Source Files</Filter>
    </ClCompile>
    <ClCompile Include="AntiRobotCaptcha.cpp">
      <Filter>Source Files</Filter>
    </ClCompile>
    <ClCompile Include="ntlm.cpp">
      <Filter>Source Files</Filter>
    </ClCompile>
    <ClCompile Include="util.cpp">
      <Filter>Source Files</Filter>
    </ClCompile>
    <ClCompile Include="Kuznechik_MAA.cpp">
      <Filter>Source Files</Filter>
    </ClCompile>
  </ItemGroup>
  <ItemGroup>
    <ClInclude Include="CryptLib.h">
      <Filter>Header Files</Filter>
    </ClInclude>
    <ClInclude Include="des\des.h">
      <Filter>Header Files</Filter>
    </ClInclude>
    <ClInclude Include="des\des_locl.h">
      <Filter>Header Files</Filter>
    </ClInclude>
    <ClInclude Include="exp5.h">
      <Filter>Header Files</Filter>
    </ClInclude>
    <ClInclude Include="Gost_BS_MAA.h">
      <Filter>Header Files</Filter>
    </ClInclude>
    <ClInclude Include="Longint2.h">
      <Filter>Header Files</Filter>
    </ClInclude>
    <ClInclude Include="ntlm_proxy_auth.h">
      <Filter>Header Files</Filter>
    </ClInclude>
    <ClInclude Include="des\podd.h">
      <Filter>Header Files</Filter>
    </ClInclude>
    <ClInclude Include="RSA.h">
      <Filter>Header Files</Filter>
    </ClInclude>
    <ClInclude Include="des\sk.h">
      <Filter>Header Files</Filter>
    </ClInclude>
    <ClInclude Include="des\spr.h">
      <Filter>Header Files</Filter>
    </ClInclude>
    <ClInclude Include="stdafx.h">
      <Filter>Header Files</Filter>
    </ClInclude>
    <ClInclude Include="Temp.h">
      <Filter>Header Files</Filter>
    </ClInclude>
    <ClInclude Include="sha256\sha-private.h">
      <Filter>Header Files</Filter>
    </ClInclude>
    <ClInclude Include="sha256\sha.h">
      <Filter>Header Files</Filter>
    </ClInclude>
    <ClInclude Include="sha256\sha_iface.h">
      <Filter>Header Files</Filter>
    </ClInclude>
    <ClInclude Include="AntiRobotCaptcha.h">
      <Filter>Header Files</Filter>
    </ClInclude>
    <ClInclude Include="ntlm.h">
      <Filter>Header Files</Filter>
    </ClInclude>
    <ClInclude Include="util.h">
      <Filter>Header Files</Filter>
    </ClInclude>
    <ClInclude Include="Kuznechik_MAA.h">
      <Filter>Header Files</Filter>
    </ClInclude>
  </ItemGroup>
  <ItemGroup>
    <None Include="ReadMe.txt" />
  </ItemGroup>
  <ItemGroup>
    <CustomBuild Include="li_32.nasm" />
    <CustomBuild Include="li_32_64.nasm" />
    <CustomBuild Include="li_64.nasm" />
  </ItemGroup>
</Project>